
Microsoft Visual Studio Solution File, Format Version 12.00
# Visual Studio Version 16
VisualStudioVersion = 16.0.30204.135
MinimumVisualStudioVersion = 10.0.40219.1
Project("{FAE04EC0-301F-11D3-BF4B-00C04F79EFBC}") = "ADODemo", "ADODemo\ADODemo.csproj", "{A7371B95-6107-4877-908D-50097EF8F831}"
EndProject
Global
	GlobalSection(SolutionConfigurationPlatforms) = preSolution
		Debug|Any CPU = Debug|Any CPU
		Release|Any CPU = Release|Any CPU
	EndGlobalSection
	GlobalSection(ProjectConfigurationPlatforms) = postSolution
		{A7371B95-6107-4877-908D-50097EF8F831}.Debug|Any CPU.ActiveCfg = Debug|Any CPU
		{A7371B95-6107-4877-908D-50097EF8F831}.Debug|Any CPU.Build.0 = Debug|Any CPU
		{A7371B95-6107-4877-908D-50097EF8F831}.Release|Any CPU.ActiveCfg = Release|Any CPU
		{A7371B95-6107-4877-908D-50097EF8F831}.Release|Any CPU.Build.0 = Release|Any CPU
	EndGlobalSection
	GlobalSection(SolutionProperties) = preSolution
		HideSolutionNode = FALSE
	EndGlobalSection
	GlobalSection(ExtensibilityGlobals) = postSolution
		SolutionGuid = {D6753CB8-FE12-4785-9188-13FC28650A4B}
	EndGlobalSection
EndGlobal
